
Microsoft Visual Studio Solution File, Format Version 12.00
# Visual Studio 15
VisualStudioVersion = 15.0.28010.2046
MinimumVisualStudioVersion = 10.0.40219.1
Project("{FAE04EC0-301F-11D3-BF4B-00C04F79EFBC}") = "CareerCloud.Pocos", "CareerCloud.Pocos\CareerCloud.Pocos.csproj", "{6F50BBA0-C315-4B14-B7DE-5E2CC8DA7A78}"
EndProject
Project("{FAE04EC0-301F-11D3-BF4B-00C04F79EFBC}") = "CareerCloud.DataAccessLayer", "CareerCloud.DataAccessLayer\CareerCloud.DataAccessLayer.csproj", "{0A210561-2B4F-4B41-BB6E-B7195A12D4CD}"
EndProject
Project("{FAE04EC0-301F-11D3-BF4B-00C04F79EFBC}") = "CareerCloud.ADODataAccessLayer", "CareerCloud.ADODataAccessLayer\CareerCloud.ADODataAccessLayer.csproj", "{ECEF2E2B-9800-49A0-B01A-096EF05F7812}"
EndProject
Project("{FAE04EC0-301F-11D3-BF4B-00C04F79EFBC}") = "CareerCloud.BusinessLogicLayer", "CareerCloud.BusinessLogicLayer\CareerCloud.BusinessLogicLayer.csproj", "{348DBD26-775D-4A0C-B788-8A16E4FB488C}"
EndProject
Project("{FAE04EC0-301F-11D3-BF4B-00C04F79EFBC}") = "CareerCloud.EntityFrameworkDataAccess", "CareerCloud.EntityFrameworkDataAccess\CareerCloud.EntityFrameworkDataAccess.csproj", "{31957D95-D9DD-4CC9-9D81-527DA70AC176}"
EndProject
Project("{FAE04EC0-301F-11D3-BF4B-00C04F79EFBC}") = "CareerCloud.WCF", "CareerCloud.WCF\CareerCloud.WCF.csproj", "{E48E12FB-296F-4102-BF40-2B22F72DF8E5}"
EndProject
Project("{FAE04EC0-301F-11D3-BF4B-00C04F79EFBC}") = "CareerCloud.WebAPI", "CareerCloud.WebAPI\CareerCloud.WebAPI.csproj", "{F9C788AE-D66C-40EC-8B8A-D8D9B9C98147}"
EndProject
Project("{FAE04EC0-301F-11D3-BF4B-00C04F79EFBC}") = "CareerCloud.UnitTests.Assignment6", "CareerCloud.UnitTests.Assignment6\CareerCloud.UnitTests.Assignment6.csproj", "{878AFB57-B469-4CC7-A714-0E447A4DA8E4}"
EndProject
Project("{FAE04EC0-301F-11D3-BF4B-00C04F79EFBC}") = "CareerCloudUI", "CareerCloudUI\CareerCloudUI.csproj", "{5F055AE7-F2B4-423E-BEF5-615E1705CF7B}"
EndProject
Global
	GlobalSection(SolutionConfigurationPlatforms) = preSolution
		Debug|Any CPU = Debug|Any CPU
		Release|Any CPU = Release|Any CPU
	EndGlobalSection
	GlobalSection(ProjectConfigurationPlatforms) = postSolution
		{6F50BBA0-C315-4B14-B7DE-5E2CC8DA7A78}.Debug|Any CPU.ActiveCfg = Debug|Any CPU
		{6F50BBA0-C315-4B14-B7DE-5E2CC8DA7A78}.Debug|Any CPU.Build.0 = Debug|Any CPU
		{6F50BBA0-C315-4B14-B7DE-5E2CC8DA7A78}.Release|Any CPU.ActiveCfg = Release|Any CPU
		{6F50BBA0-C315-4B14-B7DE-5E2CC8DA7A78}.Release|Any CPU.Build.0 = Release|Any CPU
		{0A210561-2B4F-4B41-BB6E-B7195A12D4CD}.Debug|Any CPU.ActiveCfg = Debug|Any CPU
		{0A210561-2B4F-4B41-BB6E-B7195A12D4CD}.Debug|Any CPU.Build.0 = Debug|Any CPU
		{0A210561-2B4F-4B41-BB6E-B7195A12D4CD}.Release|Any CPU.ActiveCfg = Release|Any CPU
		{0A210561-2B4F-4B41-BB6E-B7195A12D4CD}.Release|Any CPU.Build.0 = Release|Any CPU
		{ECEF2E2B-9800-49A0-B01A-096EF05F7812}.Debug|Any CPU.ActiveCfg = Debug|Any CPU
		{ECEF2E2B-9800-49A0-B01A-096EF05F7812}.Debug|Any CPU.Build.0 = Debug|Any CPU
		{ECEF2E2B-9800-49A0-B01A-096EF05F7812}.Release|Any CPU.ActiveCfg = Release|Any CPU
		{ECEF2E2B-9800-49A0-B01A-096EF05F7812}.Release|Any CPU.Build.0 = Release|Any CPU
		{348DBD26-775D-4A0C-B788-8A16E4FB488C}.Debug|Any CPU.ActiveCfg = Debug|Any CPU
		{348DBD26-775D-4A0C-B788-8A16E4FB488C}.Debug|Any CPU.Build.0 = Debug|Any CPU
		{348DBD26-775D-4A0C-B788-8A16E4FB488C}.Release|Any CPU.ActiveCfg = Release|Any CPU
		{348DBD26-775D-4A0C-B788-8A16E4FB488C}.Release|Any CPU.Build.0 = Release|Any CPU
		{31957D95-D9DD-4CC9-9D81-527DA70AC176}.Debug|Any CPU.ActiveCfg = Debug|Any CPU
		{31957D95-D9DD-4CC9-9D81-527DA70AC176}.Debug|Any CPU.Build.0 = Debug|Any CPU
		{31957D95-D9DD-4CC9-9D81-527DA70AC176}.Release|Any CPU.ActiveCfg = Release|Any CPU
		{31957D95-D9DD-4CC9-9D81-527DA70AC176}.Release|Any CPU.Build.0 = Release|Any CPU
		{E48E12FB-296F-4102-BF40-2B22F72DF8E5}.Debug|Any CPU.ActiveCfg = Debug|Any CPU
		{E48E12FB-296F-4102-BF40-2B22F72DF8E5}.Debug|Any CPU.Build.0 = Debug|Any CPU
		{E48E12FB-296F-4102-BF40-2B22F72DF8E5}.Release|Any CPU.ActiveCfg = Release|Any CPU
		{E48E12FB-296F-4102-BF40-2B22F72DF8E5}.Release|Any CPU.Build.0 = Release|Any CPU
		{F9C788AE-D66C-40EC-8B8A-D8D9B9C98147}.Debug|Any CPU.ActiveCfg = Debug|Any CPU
		{F9C788AE-D66C-40EC-8B8A-D8D9B9C98147}.Debug|Any CPU.Build.0 = Debug|Any CPU
		{F9C788AE-D66C-40EC-8B8A-D8D9B9C98147}.Release|Any CPU.ActiveCfg = Release|Any CPU
		{F9C788AE-D66C-40EC-8B8A-D8D9B9C98147}.Release|Any CPU.Build.0 = Release|Any CPU
		{878AFB57-B469-4CC7-A714-0E447A4DA8E4}.Debug|Any CPU.ActiveCfg = Debug|Any CPU
		{878AFB57-B469-4CC7-A714-0E447A4DA8E4}.Debug|Any CPU.Build.0 = Debug|Any CPU
		{878AFB57-B469-4CC7-A714-0E447A4DA8E4}.Release|Any CPU.ActiveCfg = Release|Any CPU
		{878AFB57-B469-4CC7-A714-0E447A4DA8E4}.Release|Any CPU.Build.0 = Release|Any CPU
		{5F055AE7-F2B4-423E-BEF5-615E1705CF7B}.Debug|Any CPU.ActiveCfg = Debug|Any CPU
		{5F055AE7-F2B4-423E-BEF5-615E1705CF7B}.Debug|Any CPU.Build.0 = Debug|Any CPU
		{5F055AE7-F2B4-423E-BEF5-615E1705CF7B}.Release|Any CPU.ActiveCfg = Release|Any CPU
		{5F055AE7-F2B4-423E-BEF5-615E1705CF7B}.Release|Any CPU.Build.0 = Release|Any CPU
	EndGlobalSection
	GlobalSection(SolutionProperties) = preSolution
		HideSolutionNode = FALSE
	EndGlobalSection
	GlobalSection(ExtensibilityGlobals) = postSolution
		SolutionGuid = {F9F9B211-43B9-47DB-8325-25736C60E9F6}
	EndGlobalSection
EndGlobal
